
Microsoft Visual Studio Solution File, Format Version 12.00
# Visual Studio Version 17
VisualStudioVersion = 17.0.32014.148
MinimumVisualStudioVersion = 10.0.40219.1
Project("{FAE04EC0-301F-11D3-BF4B-00C04F79EFBC}") = "EmployeeApp.API", "EmployeeApp.API\EmployeeApp.API.csproj", "{47733713-5226-49C3-883B-C6E2E9788AB0}"
EndProject
Global
	GlobalSection(SolutionConfigurationPlatforms) = preSolution
		Debug|Any CPU = Debug|Any CPU
		Release|Any CPU = Release|Any CPU
	EndGlobalSection
	GlobalSection(ProjectConfigurationPlatforms) = postSolution
		{47733713-5226-49C3-883B-C6E2E9788AB0}.Debug|Any CPU.ActiveCfg = Debug|Any CPU
		{47733713-5226-49C3-883B-C6E2E9788AB0}.Debug|Any CPU.Build.0 = Debug|Any CPU
		{47733713-5226-49C3-883B-C6E2E9788AB0}.Release|Any CPU.ActiveCfg = Release|Any CPU
		{47733713-5226-49C3-883B-C6E2E9788AB0}.Release|Any CPU.Build.0 = Release|Any CPU
	EndGlobalSection
	GlobalSection(SolutionProperties) = preSolution
		HideSolutionNode = FALSE
	EndGlobalSection
	GlobalSection(ExtensibilityGlobals) = postSolution
		SolutionGuid = {2956B50B-CA3A-4B8D-A6E4-0EF7815B3C89}
	EndGlobalSection
EndGlobal
